
Microsoft Visual Studio Solution File, Format Version 12.00
# Visual Studio 2013
VisualStudioVersion = 12.0.40629.0
MinimumVisualStudioVersion = 10.0.40219.1
Project("{8BC9CEB8-8B4A-11D0-8D11-00A0C91BC942}") = "ObjectTracking", "projects\ObjectTracking.vcxproj", "{3E8CE878-2276-4492-9D13-E22EA5CF0755}"
EndProject
Project("{8BC9CEB8-8B4A-11D0-8D11-00A0C91BC942}") = "ObjectTrackingMulti", "projects\ObjectTrackingMulti.vcxproj", "{1618C83D-B944-44A9-8AA9-B6897976465E}"
EndProject
Project("{8BC9CEB8-8B4A-11D0-8D11-00A0C91BC942}") = "SelectiveSearch", "projects\SelectiveSearch.vcxproj", "{223F47CA-3F38-45BF-82C9-43742B7EDF63}"
EndProject
Project("{8BC9CEB8-8B4A-11D0-8D11-00A0C91BC942}") = "ssd_object_detection", "projects\ssd_object_detection.vcxproj", "{CB9743F9-0A72-40ED-9233-6B88E1ECF6A4}"
EndProject
Project("{8BC9CEB8-8B4A-11D0-8D11-00A0C91BC942}") = "dnn_object_detection", "projects\dnn_object_detection.vcxproj", "{83A353AB-2DFC-4AA9-9163-F84DD986B622}"
EndProject
Project("{8BC9CEB8-8B4A-11D0-8D11-00A0C91BC942}") = "videowriter_basic", "projects\videowriter_basic.vcxproj", "{4FFB7E0F-1F53-4882-9424-0E5965501DD5}"
EndProject
Global
	GlobalSection(SolutionConfigurationPlatforms) = preSolution
		Debug|Win32 = Debug|Win32
		Debug|x64 = Debug|x64
		Release|Win32 = Release|Win32
		Release|x64 = Release|x64
	EndGlobalSection
	GlobalSection(ProjectConfigurationPlatforms) = postSolution
		{3E8CE878-2276-4492-9D13-E22EA5CF0755}.Debug|Win32.ActiveCfg = Debug|Win32
		{3E8CE878-2276-4492-9D13-E22EA5CF0755}.Debug|Win32.Build.0 = Debug|Win32
		{3E8CE878-2276-4492-9D13-E22EA5CF0755}.Debug|x64.ActiveCfg = Debug|x64
		{3E8CE878-2276-4492-9D13-E22EA5CF0755}.Debug|x64.Build.0 = Debug|x64
		{3E8CE878-2276-4492-9D13-E22EA5CF0755}.Release|Win32.ActiveCfg = Release|Win32
		{3E8CE878-2276-4492-9D13-E22EA5CF0755}.Release|Win32.Build.0 = Release|Win32
		{3E8CE878-2276-4492-9D13-E22EA5CF0755}.Release|x64.ActiveCfg = Release|x64
		{3E8CE878-2276-4492-9D13-E22EA5CF0755}.Release|x64.Build.0 = Release|x64
		{1618C83D-B944-44A9-8AA9-B6897976465E}.Debug|Win32.ActiveCfg = Debug|Win32
		{1618C83D-B944-44A9-8AA9-B6897976465E}.Debug|Win32.Build.0 = Debug|Win32
		{1618C83D-B944-44A9-8AA9-B6897976465E}.Debug|x64.ActiveCfg = Debug|x64
		{1618C83D-B944-44A9-8AA9-B6897976465E}.Debug|x64.Build.0 = Debug|x64
		{1618C83D-B944-44A9-8AA9-B6897976465E}.Release|Win32.ActiveCfg = Release|Win32
		{1618C83D-B944-44A9-8AA9-B6897976465E}.Release|Win32.Build.0 = Release|Win32
		{1618C83D-B944-44A9-8AA9-B6897976465E}.Release|x64.ActiveCfg = Release|x64
		{1618C83D-B944-44A9-8AA9-B6897976465E}.Release|x64.Build.0 = Release|x64
		{223F47CA-3F38-45BF-82C9-43742B7EDF63}.Debug|Win32.ActiveCfg = Debug|Win32
		{223F47CA-3F38-45BF-82C9-43742B7EDF63}.Debug|Win32.Build.0 = Debug|Win32
		{223F47CA-3F38-45BF-82C9-43742B7EDF63}.Debug|x64.ActiveCfg = Debug|x64
		{223F47CA-3F38-45BF-82C9-43742B7EDF63}.Debug|x64.Build.0 = Debug|x64
		{223F47CA-3F38-45BF-82C9-43742B7EDF63}.Release|Win32.ActiveCfg = Release|Win32
		{223F47CA-3F38-45BF-82C9-43742B7EDF63}.Release|Win32.Build.0 = Release|Win32
		{223F47CA-3F38-45BF-82C9-43742B7EDF63}.Release|x64.ActiveCfg = Release|x64
		{223F47CA-3F38-45BF-82C9-43742B7EDF63}.Release|x64.Build.0 = Release|x64
		{CB9743F9-0A72-40ED-9233-6B88E1ECF6A4}.Debug|Win32.ActiveCfg = Debug|Win32
		{CB9743F9-0A72-40ED-9233-6B88E1ECF6A4}.Debug|Win32.Build.0 = Debug|Win32
		{CB9743F9-0A72-40ED-9233-6B88E1ECF6A4}.Debug|x64.ActiveCfg = Debug|x64
		{CB9743F9-0A72-40ED-9233-6B88E1ECF6A4}.Debug|x64.Build.0 = Debug|x64
		{CB9743F9-0A72-40ED-9233-6B88E1ECF6A4}.Release|Win32.ActiveCfg = Release|Win32
		{CB9743F9-0A72-40ED-9233-6B88E1ECF6A4}.Release|Win32.Build.0 = Release|Win32
		{CB9743F9-0A72-40ED-9233-6B88E1ECF6A4}.Release|x64.ActiveCfg = Release|x64
		{CB9743F9-0A72-40ED-9233-6B88E1ECF6A4}.Release|x64.Build.0 = Release|x64
		{83A353AB-2DFC-4AA9-9163-F84DD986B622}.Debug|Win32.ActiveCfg = Debug|Win32
		{83A353AB-2DFC-4AA9-9163-F84DD986B622}.Debug|Win32.Build.0 = Debug|Win32
		{83A353AB-2DFC-4AA9-9163-F84DD986B622}.Debug|x64.ActiveCfg = Debug|x64
		{83A353AB-2DFC-4AA9-9163-F84DD986B622}.Debug|x64.Build.0 = Debug|x64
		{83A353AB-2DFC-4AA9-9163-F84DD986B622}.Release|Win32.ActiveCfg = Release|Win32
		{83A353AB-2DFC-4AA9-9163-F84DD986B622}.Release|Win32.Build.0 = Release|Win32
		{83A353AB-2DFC-4AA9-9163-F84DD986B622}.Release|x64.ActiveCfg = Release|x64
		{83A353AB-2DFC-4AA9-9163-F84DD986B622}.Release|x64.Build.0 = Release|x64
		{4FFB7E0F-1F53-4882-9424-0E5965501DD5}.Debug|Win32.ActiveCfg = Debug|Win32
		{4FFB7E0F-1F53-4882-9424-0E5965501DD5}.Debug|Win32.Build.0 = Debug|Win32
		{4FFB7E0F-1F53-4882-9424-0E5965501DD5}.Debug|x64.ActiveCfg = Debug|x64
		{4FFB7E0F-1F53-4882-9424-0E5965501DD5}.Debug|x64.Build.0 = Debug|x64
		{4FFB7E0F-1F53-4882-9424-0E5965501DD5}.Release|Win32.ActiveCfg = Release|Win32
		{4FFB7E0F-1F53-4882-9424-0E5965501DD5}.Release|Win32.Build.0 = Release|Win32
		{4FFB7E0F-1F53-4882-9424-0E5965501DD5}.Release|x64.ActiveCfg = Release|x64
		{4FFB7E0F-1F53-4882-9424-0E5965501DD5}.Release|x64.Build.0 = Release|x64
	EndGlobalSection
	GlobalSection(SolutionProperties) = preSolution
		HideSolutionNode = FALSE
	EndGlobalSection
EndGlobal
